{
  "name": "encrypt",
  "version": "1.0.0",
  "lockfileVersion": 3,
  "requires": true,
  "packages": {
    "": {
      "name": "encrypt",
      "version": "1.0.0",
      "license": "ISC",
      "dependencies": {
        "crypto": "^1.0.1"
      },
      "devDependencies": {
        "@types/node": "^22.8.3"
      }
    },
    "../../node_modules/.pnpm/crypto@1.0.1/node_modules/crypto": {
      "version": "1.0.1",
      "license": "ISC"
    },
    "node_modules/@types/node": {
      "version": "22.8.3",
      "resolved": "https://registry.npmjs.org/@types/node/-/node-22.8.3.tgz",
      "integrity": "sha512-ZlijaZM38In/raEdZoNKKfIVJEA+4NTsvhGQTgQt4y2/Zgokyz4NUvOch108O3Q1q5lJ170h1hShfPfRPW7BwA==",
      "dev": true,
      "license": "MIT",
      "dependencies": {
        "undici-types": "~6.19.8"
      }
    },
    "node_modules/crypto": {
      "resolved": "../../node_modules/.pnpm/crypto@1.0.1/node_modules/crypto",
      "link": true
    },
    "node_modules/undici-types": {
      "version": "6.19.8",
      "resolved": "https://registry.npmjs.org/undici-types/-/undici-types-6.19.8.tgz",
      "integrity": "sha512-ve2KP6f/JnbPBFyobGHuerC9g1FYGn/F8n1LWTwNxCEzd6IfqTwUQcNXgEtmmQ6DlRrC1hrSrBnCZPokRrDHjw==",
      "dev": true,
      "license": "MIT"
    }
  }
}
